
Microsoft Visual Studio Solution File, Format Version 12.00
# Visual Studio 15
VisualStudioVersion = 15.0.28307.421
MinimumVisualStudioVersion = 10.0.40219.1
Project("{FAE04EC0-301F-11D3-BF4B-00C04F79EFBC}") = "ContactManagement", "ContactManagement\ContactManagement.csproj", "{53059076-FC63-41DC-BA24-61A429FFF3F0}"
EndProject
Project("{FAE04EC0-301F-11D3-BF4B-00C04F79EFBC}") = "DataLayer", "DataLayer\DataLayer.csproj", "{BF2E44C3-7A67-41FE-AF42-D772CA127812}"
EndProject
Project("{FAE04EC0-301F-11D3-BF4B-00C04F79EFBC}") = "DataEntities", "DataEntities\DataEntities.csproj", "{E8417966-B661-4A79-97BC-B37D8544FC9E}"
EndProject
Global
	GlobalSection(SolutionConfigurationPlatforms) = preSolution
		Debug|Any CPU = Debug|Any CPU
		Release|Any CPU = Release|Any CPU
	EndGlobalSection
	GlobalSection(ProjectConfigurationPlatforms) = postSolution
		{53059076-FC63-41DC-BA24-61A429FFF3F0}.Debug|Any CPU.ActiveCfg = Debug|Any CPU
		{53059076-FC63-41DC-BA24-61A429FFF3F0}.Debug|Any CPU.Build.0 = Debug|Any CPU
		{53059076-FC63-41DC-BA24-61A429FFF3F0}.Release|Any CPU.ActiveCfg = Release|Any CPU
		{53059076-FC63-41DC-BA24-61A429FFF3F0}.Release|Any CPU.Build.0 = Release|Any CPU
		{BF2E44C3-7A67-41FE-AF42-D772CA127812}.Debug|Any CPU.ActiveCfg = Debug|Any CPU
		{BF2E44C3-7A67-41FE-AF42-D772CA127812}.Debug|Any CPU.Build.0 = Debug|Any CPU
		{BF2E44C3-7A67-41FE-AF42-D772CA127812}.Release|Any CPU.ActiveCfg = Release|Any CPU
		{BF2E44C3-7A67-41FE-AF42-D772CA127812}.Release|Any CPU.Build.0 = Release|Any CPU
		{E8417966-B661-4A79-97BC-B37D8544FC9E}.Debug|Any CPU.ActiveCfg = Debug|Any CPU
		{E8417966-B661-4A79-97BC-B37D8544FC9E}.Debug|Any CPU.Build.0 = Debug|Any CPU
		{E8417966-B661-4A79-97BC-B37D8544FC9E}.Release|Any CPU.ActiveCfg = Release|Any CPU
		{E8417966-B661-4A79-97BC-B37D8544FC9E}.Release|Any CPU.Build.0 = Release|Any CPU
	EndGlobalSection
	GlobalSection(SolutionProperties) = preSolution
		HideSolutionNode = FALSE
	EndGlobalSection
	GlobalSection(ExtensibilityGlobals) = postSolution
		SolutionGuid = {66C7E6EE-A6BE-447A-BB7A-F17A377BE371}
	EndGlobalSection
EndGlobal
